
Microsoft Visual Studio Solution File, Format Version 12.00
# Visual Studio Version 16
VisualStudioVersion = 16.0.28803.202
MinimumVisualStudioVersion = 10.0.40219.1
Project("{FAE04EC0-301F-11D3-BF4B-00C04F79EFBC}") = "DateAndTime", "DateAndTime\DateAndTime.csproj", "{E405C715-3B1D-47DC-83E1-2CBA3BBE3DD3}"
EndProject
Project("{FAE04EC0-301F-11D3-BF4B-00C04F79EFBC}") = "Birthday", "Birthday\Birthday.csproj", "{AED7DAA1-A6C7-4930-93A0-D7D874C9AE85}"
EndProject
Global
	GlobalSection(SolutionConfigurationPlatforms) = preSolution
		Debug|Any CPU = Debug|Any CPU
		Release|Any CPU = Release|Any CPU
	EndGlobalSection
	GlobalSection(ProjectConfigurationPlatforms) = postSolution
		{E405C715-3B1D-47DC-83E1-2CBA3BBE3DD3}.Debug|Any CPU.ActiveCfg = Debug|Any CPU
		{E405C715-3B1D-47DC-83E1-2CBA3BBE3DD3}.Debug|Any CPU.Build.0 = Debug|Any CPU
		{E405C715-3B1D-47DC-83E1-2CBA3BBE3DD3}.Release|Any CPU.ActiveCfg = Release|Any CPU
		{E405C715-3B1D-47DC-83E1-2CBA3BBE3DD3}.Release|Any CPU.Build.0 = Release|Any CPU
		{AED7DAA1-A6C7-4930-93A0-D7D874C9AE85}.Debug|Any CPU.ActiveCfg = Debug|Any CPU
		{AED7DAA1-A6C7-4930-93A0-D7D874C9AE85}.Debug|Any CPU.Build.0 = Debug|Any CPU
		{AED7DAA1-A6C7-4930-93A0-D7D874C9AE85}.Release|Any CPU.ActiveCfg = Release|Any CPU
		{AED7DAA1-A6C7-4930-93A0-D7D874C9AE85}.Release|Any CPU.Build.0 = Release|Any CPU
	EndGlobalSection
	GlobalSection(SolutionProperties) = preSolution
		HideSolutionNode = FALSE
	EndGlobalSection
	GlobalSection(ExtensibilityGlobals) = postSolution
		SolutionGuid = {1665F0FA-5655-4303-B33B-08F1DE0B66E9}
	EndGlobalSection
EndGlobal
